// !$*UTF8*$!
{
	archiveVersion = 1;
	classes = {
	};
	objectVersion = 56;
	objects = {

/* Begin PBXBuildFile section */
		76D5151B2A21D86B007F6BCF /* AppDelegate.swift in Sources */ = {isa = PBXBuildFile; fileRef = 76D5151A2A21D86B007F6BCF /* AppDelegate.swift */; };
		76D515212A21D86C007F6BCF /* Assets.xcassets in Resources */ = {isa = PBXBuildFile; fileRef = 76D515202A21D86C007F6BCF /* Assets.xcassets */; };
		76D515242A21D86C007F6BCF /* Preview Assets.xcassets in Resources */ = {isa = PBXBuildFile; fileRef = 76D515232A21D86C007F6BCF /* Preview Assets.xcassets */; };
		76D5152B2A21D8E9007F6BCF /* Eyes.rcproject in Sources */ = {isa = PBXBuildFile; fileRef = 76D5152A2A21D8E9007F6BCF /* Eyes.rcproject */; };
		76D515332A2246F2007F6BCF /* FullCode.swift in Sources */ = {isa = PBXBuildFile; fileRef = 76D5152C2A21F814007F6BCF /* FullCode.swift */; };
		76D515342A22E6FD007F6BCF /* Reality.swift in Sources */ = {isa = PBXBuildFile; fileRef = 76D5151C2A21D86B007F6BCF /* Reality.swift */; };
		76D515362A22E750007F6BCF /* Home.swift in Sources */ = {isa = PBXBuildFile; fileRef = 76D515352A22E750007F6BCF /* Home.swift */; };
		76D515382A22E993007F6BCF /* mixkit-classic-click.wav in Resources */ = {isa = PBXBuildFile; fileRef = 76D515372A22E993007F6BCF /* mixkit-classic-click.wav */; };
/* End PBXBuildFile section */

/* Begin PBXFileReference section */
		76D515172A21D86B007F6BCF /* GoldenEyes.app */ = {isa = PBXFileReference; explicitFileType = wrapper.application; includeInIndex = 0; path = GoldenEyes.app; sourceTree = BUILT_PRODUCTS_DIR; };
		76D5151A2A21D86B007F6BCF /* AppDelegate.swift */ = {isa = PBXFileReference; lastKnownFileType = sourcecode.swift; path = AppDelegate.swift; sourceTree = "<group>"; };
		76D5151C2A21D86B007F6BCF /* Reality.swift */ = {isa = PBXFileReference; lastKnownFileType = sourcecode.swift; path = Reality.swift; sourceTree = "<group>"; };
		76D515202A21D86C007F6BCF /* Assets.xcassets */ = {isa = PBXFileReference; lastKnownFileType = folder.assetcatalog; path = Assets.xcassets; sourceTree = "<group>"; };
		76D515232A21D86C007F6BCF /* Preview Assets.xcassets */ = {isa = PBXFileReference; lastKnownFileType = folder.assetcatalog; path = "Preview Assets.xcassets"; sourceTree = "<group>"; };
		76D5152A2A21D8E9007F6BCF /* Eyes.rcproject */ = {isa = PBXFileReference; lastKnownFileType = file.rcproject; path = Eyes.rcproject; sourceTree = "<group>"; };
		76D5152C2A21F814007F6BCF /* FullCode.swift */ = {isa = PBXFileReference; lastKnownFileType = sourcecode.swift; path = FullCode.swift; sourceTree = "<group>"; };
		76D515352A22E750007F6BCF /* Home.swift */ = {isa = PBXFileReference; lastKnownFileType = sourcecode.swift; path = Home.swift; sourceTree = "<group>"; };
		76D515372A22E993007F6BCF /* mixkit-classic-click.wav */ = {isa = PBXFileReference; lastKnownFileType = audio.wav; path = "mixkit-classic-click.wav"; sourceTree = "<group>"; };
/* End PBXFileReference section */

/* Begin PBXFrameworksBuildPhase section */
		76D515142A21D86B007F6BCF /* Frameworks */ = {
			isa = PBXFrameworksBuildPhase;
			buildActionMask = 2147483647;
			files = (
			);
			runOnlyForDeploymentPostprocessing = 0;
		};
/* End PBXFrameworksBuildPhase section */

/* Begin PBXGroup section */
		76D5150E2A21D86B007F6BCF = {
			isa = PBXGroup;
			children = (
				76D515192A21D86B007F6BCF /* GoldenEyes */,
				76D515182A21D86B007F6BCF /* Products */,
			);
			sourceTree = "<group>";
		};
		76D515182A21D86B007F6BCF /* Products */ = {
			isa = PBXGroup;
			children = (
				76D515172A21D86B007F6BCF /* GoldenEyes.app */,
			);
			name = Products;
			sourceTree = "<group>";
		};
		76D515192A21D86B007F6BCF /* GoldenEyes */ = {
			isa = PBXGroup;
			children = (
				76D5151A2A21D86B007F6BCF /* AppDelegate.swift */,
				76D515352A22E750007F6BCF /* Home.swift */,
				76D5151C2A21D86B007F6BCF /* Reality.swift */,
				76D5152C2A21F814007F6BCF /* FullCode.swift */,
				76D515372A22E993007F6BCF /* mixkit-classic-click.wav */,
				76D5152A2A21D8E9007F6BCF /* Eyes.rcproject */,
				76D515202A21D86C007F6BCF /* Assets.xcassets */,
				76D515222A21D86C007F6BCF /* Preview Content */,
			);
			path = GoldenEyes;
			sourceTree = "<group>";
		};
		76D515222A21D86C007F6BCF /* Preview Content */ = {
			isa = PBXGroup;
			children = (
				76D515232A21D86C007F6BCF /* Preview Assets.xcassets */,
			);
			path = "Preview Content";
			sourceTree = "<group>";
		};
/* End PBXGroup section */

/* Begin PBXNativeTarget section */
		76D515162A21D86B007F6BCF /* GoldenEyes */ = {
			isa = PBXNativeTarget;
			buildConfigurationList = 76D515272A21D86C007F6BCF /* Build configuration list for PBXNativeTarget "GoldenEyes" */;
			buildPhases = (
				76D515132A21D86B007F6BCF /* Sources */,
				76D515142A21D86B007F6BCF /* Frameworks */,
				76D515152A21D86B007F6BCF /* Resources */,
			);
			buildRules = (
			);
			dependencies = (
			);
			name = GoldenEyes;
			productName = GoldenEyes;
			productReference = 76D515172A21D86B007F6BCF /* GoldenEyes.app */;
			productType = "com.apple.product-type.application";
		};
/* End PBXNativeTarget section */

/* Begin PBXProject section */
		76D5150F2A21D86B007F6BCF /* Project object */ = {
			isa = PBXProject;
			attributes = {
				BuildIndependentTargetsInParallel = 1;
				LastSwiftUpdateCheck = 1430;
				LastUpgradeCheck = 1430;
				TargetAttributes = {
					76D515162A21D86B007F6BCF = {
						CreatedOnToolsVersion = 14.3;
					};
				};
			};
			buildConfigurationList = 76D515122A21D86B007F6BCF /* Build configuration list for PBXProject "GoldenEyes" */;
			compatibilityVersion = "Xcode 14.0";
			developmentRegion = en;
			hasScannedForEncodings = 0;
			knownRegions = (
				en,
				Base,
			);
			mainGroup = 76D5150E2A21D86B007F6BCF;
			productRefGroup = 76D515182A21D86B007F6BCF /* Products */;
			projectDirPath = "";
			projectRoot = "";
			targets = (
				76D515162A21D86B007F6BCF /* GoldenEyes */,
			);
		};
/* End PBXProject section */

/* Begin PBXResourcesBuildPhase section */
		76D515152A21D86B007F6BCF /* Resources */ = {
			isa = PBXResourcesBuildPhase;
			buildActionMask = 2147483647;
			files = (
				76D515242A21D86C007F6BCF /* Preview Assets.xcassets in Resources */,
				76D515382A22E993007F6BCF /* mixkit-classic-click.wav in Resources */,
				76D515212A21D86C007F6BCF /* Assets.xcassets in Resources */,
			);
			runOnlyForDeploymentPostprocessing = 0;
		};
/* End PBXResourcesBuildPhase section */

/* Begin PBXSourcesBuildPhase section */
		76D515132A21D86B007F6BCF /* Sources */ = {
			isa = PBXSourcesBuildPhase;
			buildActionMask = 2147483647;
			files = (
				76D5152B2A21D8E9007F6BCF /* Eyes.rcproject in Sources */,
				76D5151B2A21D86B007F6BCF /* AppDelegate.swift in Sources */,
				76D515362A22E750007F6BCF /* Home.swift in Sources */,
				76D515342A22E6FD007F6BCF /* Reality.swift in Sources */,
				76D515332A2246F2007F6BCF /* FullCode.swift in Sources */,
			);
			runOnlyForDeploymentPostprocessing = 0;
		};
/* End PBXSourcesBuildPhase section */

/* Begin XCBuildConfiguration section */
		76D515252A21D86C007F6BCF /* Debug */ = {
			isa = XCBuildConfiguration;
			buildSettings = {
				ALWAYS_SEARCH_USER_PATHS = NO;
				CLANG_ANALYZER_NONNULL = YES;
				CLANG_ANALYZER_NUMBER_OBJECT_CONVERSION = YES_AGGRESSIVE;
				CLANG_CXX_LANGUAGE_STANDARD = "gnu++20";
				CLANG_ENABLE_MODULES = YES;
				CLANG_ENABLE_OBJC_ARC = YES;
				CLANG_ENABLE_OBJC_WEAK = YES;
				CLANG_WARN_BLOCK_CAPTURE_AUTORELEASING = YES;
				CLANG_WARN_BOOL_CONVERSION = YES;
				CLANG_WARN_COMMA = YES;
				CLANG_WARN_CONSTANT_CONVERSION = YES;
				CLANG_WARN_DEPRECATED_OBJC_IMPLEMENTATIONS = YES;
				CLANG_WARN_DIRECT_OBJC_ISA_USAGE = YES_ERROR;
				CLANG_WARN_DOCUMENTATION_COMMENTS = YES;
				CLANG_WARN_EMPTY_BODY = YES;
				CLANG_WARN_ENUM_CONVERSION = YES;
				CLANG_WARN_INFINITE_RECURSION = YES;
				CLANG_WARN_INT_CONVERSION = YES;
				CLANG_WARN_NON_LITERAL_NULL_CONVERSION = YES;
				CLANG_WARN_OBJC_IMPLICIT_RETAIN_SELF = YES;
				CLANG_WARN_OBJC_LITERAL_CONVERSION = YES;
				CLANG_WARN_OBJC_ROOT_CLASS = YES_ERROR;
				CLANG_WARN_QUOTED_INCLUDE_IN_FRAMEWORK_HEADER = YES;
				CLANG_WARN_RANGE_LOOP_ANALYSIS = YES;
				CLANG_WARN_STRICT_PROTOTYPES = YES;
				CLANG_WARN_SUSPICIOUS_MOVE = YES;
				CLANG_WARN_UNGUARDED_AVAILABILITY = YES_AGGRESSIVE;
				CLANG_WARN_UNREACHABLE_CODE = YES;
				CLANG_WARN__DUPLICATE_METHOD_MATCH = YES;
				COPY_PHASE_STRIP = NO;
				DEBUG_INFORMATION_FORMAT = dwarf;
				ENABLE_STRICT_OBJC_MSGSEND = YES;
				ENABLE_TESTABILITY = YES;
				GCC_C_LANGUAGE_STANDARD = gnu11;
				GCC_DYNAMIC_NO_PIC = NO;
				GCC_NO_COMMON_BLOCKS = YES;
				GCC_OPTIMIZATION_LEVEL = 0;
				GCC_PREPROCESSOR_DEFINITIONS = (
					"DEBUG=1",
					"$(inherited)",
				);
				GCC_WARN_64_TO_32_BIT_CONVERSION = YES;
				GCC_WARN_ABOUT_RETURN_TYPE = YES_ERROR;
				GCC_WARN_UNDECLARED_SELECTOR = YES;
				GCC_WARN_UNINITIALIZED_AUTOS = YES_AGGRESSIVE;
				GCC_WARN_UNUSED_FUNCTION = YES;
				GCC_WARN_UNUSED_VARIABLE = YES;
				IPHONEOS_DEPLOYMENT_TARGET = 16.4;
				MTL_ENABLE_DEBUG_INFO = INCLUDE_SOURCE;
				MTL_FAST_MATH = YES;
				ONLY_ACTIVE_ARCH = YES;
				SDKROOT = iphoneos;
				SWIFT_ACTIVE_COMPILATION_CONDITIONS = DEBUG;
				SWIFT_OPTIMIZATION_LEVEL = "-Onone";
			};
			name = Debug;
		};
		76D515262A21D86C007F6BCF /* Release */ = {
			isa = XCBuildConfiguration;
			buildSettings = {
				ALWAYS_SEARCH_USER_PATHS = NO;
				CLANG_ANALYZER_NONNULL = YES;
				CLANG_ANALYZER_NUMBER_OBJECT_CONVERSION = YES_AGGRESSIVE;
				CLANG_CXX_LANGUAGE_STANDARD = "gnu++20";
				CLANG_ENABLE_MODULES = YES;
				CLANG_ENABLE_OBJC_ARC = YES;
				CLANG_ENABLE_OBJC_WEAK = YES;
				CLANG_WARN_BLOCK_CAPTURE_AUTORELEASING = YES;
				CLANG_WARN_BOOL_CONVERSION = YES;
				CLANG_WARN_COMMA = YES;
				CLANG_WARN_CONSTANT_CONVERSION = YES;
				CLANG_WARN_DEPRECATED_OBJC_IMPLEMENTATIONS = YES;
				CLANG_WARN_DIRECT_OBJC_ISA_USAGE = YES_ERROR;
				CLANG_WARN_DOCUMENTATION_COMMENTS = YES;
				CLANG_WARN_EMPTY_BODY = YES;
				CLANG_WARN_ENUM_CONVERSION = YES;
				CLANG_WARN_INFINITE_RECURSION = YES;
				CLANG_WARN_INT_CONVERSION = YES;
				CLANG_WARN_NON_LITERAL_NULL_CONVERSION = YES;
				CLANG_WARN_OBJC_IMPLICIT_RETAIN_SELF = YES;
				CLANG_WARN_OBJC_LITERAL_CONVERSION = YES;
				CLANG_WARN_OBJC_ROOT_CLASS = YES_ERROR;
				CLANG_WARN_QUOTED_INCLUDE_IN_FRAMEWORK_HEADER = YES;
				CLANG_WARN_RANGE_LOOP_ANALYSIS = YES;
				CLANG_WARN_STRICT_PROTOTYPES = YES;
				CLANG_WARN_SUSPICIOUS_MOVE = YES;
				CLANG_WARN_UNGUARDED_AVAILABILITY = YES_AGGRESSIVE;
				CLANG_WARN_UNREACHABLE_CODE = YES;
				CLANG_WARN__DUPLICATE_METHOD_MATCH = YES;
				COPY_PHASE_STRIP = NO;
				DEBUG_INFORMATION_FORMAT = "dwarf-with-dsym";
				ENABLE_NS_ASSERTIONS = NO;
				ENABLE_STRICT_OBJC_MSGSEND = YES;
				GCC_C_LANGUAGE_STANDARD = gnu11;
				GCC_NO_COMMON_BLOCKS = YES;
				GCC_WARN_64_TO_32_BIT_CONVERSION = YES;
				GCC_WARN_ABOUT_RETURN_TYPE = YES_ERROR;
				GCC_WARN_UNDECLARED_SELECTOR = YES;
				GCC_WARN_UNINITIALIZED_AUTOS = YES_AGGRESSIVE;
				GCC_WARN_UNUSED_FUNCTION = YES;
				GCC_WARN_UNUSED_VARIABLE = YES;
				IPHONEOS_DEPLOYMENT_TARGET = 16.4;
				MTL_ENABLE_DEBUG_INFO = NO;
				MTL_FAST_MATH = YES;
				SDKROOT = iphoneos;
				SWIFT_COMPILATION_MODE = wholemodule;
				SWIFT_OPTIMIZATION_LEVEL = "-O";
				VALIDATE_PRODUCT = YES;
			};
			name = Release;
		};
		76D515282A21D86C007F6BCF /* Debug */ = {
			isa = XCBuildConfiguration;
			buildSettings = {
				ASSETCATALOG_COMPILER_APPICON_NAME = AppIcon;
				ASSETCATALOG_COMPILER_GLOBAL_ACCENT_COLOR_NAME = AccentColor;
				CODE_SIGN_STYLE = Automatic;
				CURRENT_PROJECT_VERSION = 1;
				DEVELOPMENT_ASSET_PATHS = "\"GoldenEyes/Preview Content\"";
				DEVELOPMENT_TEAM = VFBLFL665K;
				ENABLE_PREVIEWS = YES;
				GENERATE_INFOPLIST_FILE = YES;
				INFOPLIST_KEY_NSCameraUsageDescription = "";
				INFOPLIST_KEY_UIApplicationSupportsIndirectInputEvents = YES;
				INFOPLIST_KEY_UILaunchScreen_Generation = YES;
				INFOPLIST_KEY_UIRequiredDeviceCapabilities = arkit;
				INFOPLIST_KEY_UIStatusBarHidden = YES;
				INFOPLIST_KEY_UISupportedInterfaceOrientations_iPad = "UIInterfaceOrientationPortrait UIInterfaceOrientationPortraitUpsideDown UIInterfaceOrientationLandscapeLeft UIInterfaceOrientationLandscapeRight";
				INFOPLIST_KEY_UISupportedInterfaceOrientations_iPhone = "UIInterfaceOrientationPortrait UIInterfaceOrientationLandscapeLeft UIInterfaceOrientationLandscapeRight";
				LD_RUNPATH_SEARCH_PATHS = (
					"$(inherited)",
					"@executable_path/Frameworks",
				);
				MARKETING_VERSION = 1.0;
				PRODUCT_BUNDLE_IDENTIFIER = com.fatbobman.GoldenEyes;
				PRODUCT_NAME = "$(TARGET_NAME)";
				SWIFT_EMIT_LOC_STRINGS = YES;
				SWIFT_VERSION = 5.0;
				TARGETED_DEVICE_FAMILY = "1,2";
			};
			name = Debug;
		};
		76D515292A21D86C007F6BCF /* Release */ = {
			isa = XCBuildConfiguration;
			buildSettings = {
				ASSETCATALOG_COMPILER_APPICON_NAME = AppIcon;
				ASSETCATALOG_COMPILER_GLOBAL_ACCENT_COLOR_NAME = AccentColor;
				CODE_SIGN_STYLE = Automatic;
				CURRENT_PROJECT_VERSION = 1;
				DEVELOPMENT_ASSET_PATHS = "\"GoldenEyes/Preview Content\"";
				DEVELOPMENT_TEAM = VFBLFL665K;
				ENABLE_PREVIEWS = YES;
				GENERATE_INFOPLIST_FILE = YES;
				INFOPLIST_KEY_NSCameraUsageDescription = "";
				INFOPLIST_KEY_UIApplicationSupportsIndirectInputEvents = YES;
				INFOPLIST_KEY_UILaunchScreen_Generation = YES;
				INFOPLIST_KEY_UIRequiredDeviceCapabilities = arkit;
				INFOPLIST_KEY_UIStatusBarHidden = YES;
				INFOPLIST_KEY_UISupportedInterfaceOrientations_iPad = "UIInterfaceOrientationPortrait UIInterfaceOrientationPortraitUpsideDown UIInterfaceOrientationLandscapeLeft UIInterfaceOrientationLandscapeRight";
				INFOPLIST_KEY_UISupportedInterfaceOrientations_iPhone = "UIInterfaceOrientationPortrait UIInterfaceOrientationLandscapeLeft UIInterfaceOrientationLandscapeRight";
				LD_RUNPATH_SEARCH_PATHS = (
					"$(inherited)",
					"@executable_path/Frameworks",
				);
				MARKETING_VERSION = 1.0;
				PRODUCT_BUNDLE_IDENTIFIER = com.fatbobman.GoldenEyes;
				PRODUCT_NAME = "$(TARGET_NAME)";
				SWIFT_EMIT_LOC_STRINGS = YES;
				SWIFT_VERSION = 5.0;
				TARGETED_DEVICE_FAMILY = "1,2";
			};
			name = Release;
		};
/* End XCBuildConfiguration section */

/* Begin XCConfigurationList section */
		76D515122A21D86B007F6BCF /* Build configuration list for PBXProject "GoldenEyes" */ = {
			isa = XCConfigurationList;
			buildConfigurations = (
				76D515252A21D86C007F6BCF /* Debug */,
				76D515262A21D86C007F6BCF /* Release */,
			);
			defaultConfigurationIsVisible = 0;
			defaultConfigurationName = Release;
		};
		76D515272A21D86C007F6BCF /* Build configuration list for PBXNativeTarget "GoldenEyes" */ = {
			isa = XCConfigurationList;
			buildConfigurations = (
				76D515282A21D86C007F6BCF /* Debug */,
				76D515292A21D86C007F6BCF /* Release */,
			);
			defaultConfigurationIsVisible = 0;
			defaultConfigurationName = Release;
		};
/* End XCConfigurationList section */
	};
	rootObject = 76D5150F2A21D86B007F6BCF /* Project object */;
}
